
Microsoft Visual Studio Solution File, Format Version 12.00
# Visual Studio Version 17
VisualStudioVersion = 17.2.32317.152
MinimumVisualStudioVersion = 10.0.40219.1
Project("{D954291E-2A0B-460D-934E-DC6B0785DB48}") = "TwoPaneViewDemo.Shared", "TwoPaneViewDemo.Shared\TwoPaneViewDemo.Shared.shproj", "{6279C845-92F8-4333-AB99-3D213163593C}"
EndProject
Project("{2150E333-8FDC-42A3-9474-1A3956D46DE8}") = "Platforms", "Platforms", "{DF6CF4B1-9AB8-4BA4-A5CD-D901357FCF08}"
EndProject
Project("{9A19103F-16F7-4668-BE54-9A1E7A4F7556}") = "TwoPaneViewDemo.Mobile", "TwoPaneViewDemo.Mobile\TwoPaneViewDemo.Mobile.csproj", "{2D1170CE-47D1-4D2F-9CD5-AB6015E2F3FC}"
EndProject
Project("{FAE04EC0-301F-11D3-BF4B-00C04F79EFBC}") = "TwoPaneViewDemo.UWP", "TwoPaneViewDemo.UWP\TwoPaneViewDemo.UWP.csproj", "{38822C87-D6BD-430D-93FA-BFA36E13AA5A}"
EndProject
Project("{9A19103F-16F7-4668-BE54-9A1E7A4F7556}") = "TwoPaneViewDemo.Wasm", "TwoPaneViewDemo.Wasm\TwoPaneViewDemo.Wasm.csproj", "{A0B7DDF9-F766-4586-A78F-675F997D8067}"
EndProject
Project("{9A19103F-16F7-4668-BE54-9A1E7A4F7556}") = "TwoPaneViewDemo.Skia.Wpf.Host", "TwoPaneViewDemo.Skia.Wpf.Host\TwoPaneViewDemo.Skia.Wpf.Host.csproj", "{EE15CB47-A424-41EE-B23D-2ED7809507ED}"
EndProject
Project("{9A19103F-16F7-4668-BE54-9A1E7A4F7556}") = "TwoPaneViewDemo.Skia.Wpf", "TwoPaneViewDemo.Skia.Wpf\TwoPaneViewDemo.Skia.Wpf.csproj", "{407B7F4E-01E0-4552-B951-3566BDBFE16B}"
EndProject
Project("{9A19103F-16F7-4668-BE54-9A1E7A4F7556}") = "TwoPaneViewDemo.Skia.Gtk", "TwoPaneViewDemo.Skia.Gtk\TwoPaneViewDemo.Skia.Gtk.csproj", "{9BBB773B-D559-4622-B439-8B15A4EFF25F}"
EndProject
Global
	GlobalSection(SolutionConfigurationPlatforms) = preSolution
		Debug|Any CPU = Debug|Any CPU
		Debug|ARM = Debug|ARM
		Debug|ARM64 = Debug|ARM64
		Debug|x64 = Debug|x64
		Debug|x86 = Debug|x86
		Release|Any CPU = Release|Any CPU
		Release|ARM = Release|ARM
		Release|ARM64 = Release|ARM64
		Release|x64 = Release|x64
		Release|x86 = Release|x86
	EndGlobalSection
	GlobalSection(ProjectConfigurationPlatforms) = postSolution
		{2D1170CE-47D1-4D2F-9CD5-AB6015E2F3FC}.Debug|Any CPU.ActiveCfg = Debug|Any CPU
		{2D1170CE-47D1-4D2F-9CD5-AB6015E2F3FC}.Debug|Any CPU.Build.0 = Debug|Any CPU
		{2D1170CE-47D1-4D2F-9CD5-AB6015E2F3FC}.Debug|Any CPU.Deploy.0 = Debug|Any CPU
		{2D1170CE-47D1-4D2F-9CD5-AB6015E2F3FC}.Debug|ARM.ActiveCfg = Debug|Any CPU
		{2D1170CE-47D1-4D2F-9CD5-AB6015E2F3FC}.Debug|ARM.Build.0 = Debug|Any CPU
		{2D1170CE-47D1-4D2F-9CD5-AB6015E2F3FC}.Debug|ARM.Deploy.0 = Debug|Any CPU
		{2D1170CE-47D1-4D2F-9CD5-AB6015E2F3FC}.Debug|ARM64.ActiveCfg = Debug|Any CPU
		{2D1170CE-47D1-4D2F-9CD5-AB6015E2F3FC}.Debug|ARM64.Build.0 = Debug|Any CPU
		{2D1170CE-47D1-4D2F-9CD5-AB6015E2F3FC}.Debug|ARM64.Deploy.0 = Debug|Any CPU
		{2D1170CE-47D1-4D2F-9CD5-AB6015E2F3FC}.Debug|x64.ActiveCfg = Debug|Any CPU
		{2D1170CE-47D1-4D2F-9CD5-AB6015E2F3FC}.Debug|x64.Build.0 = Debug|Any CPU
		{2D1170CE-47D1-4D2F-9CD5-AB6015E2F3FC}.Debug|x64.Deploy.0 = Debug|Any CPU
		{2D1170CE-47D1-4D2F-9CD5-AB6015E2F3FC}.Debug|x86.ActiveCfg = Debug|Any CPU
		{2D1170CE-47D1-4D2F-9CD5-AB6015E2F3FC}.Debug|x86.Build.0 = Debug|Any CPU
		{2D1170CE-47D1-4D2F-9CD5-AB6015E2F3FC}.Debug|x86.Deploy.0 = Debug|Any CPU
		{2D1170CE-47D1-4D2F-9CD5-AB6015E2F3FC}.Release|Any CPU.ActiveCfg = Release|Any CPU
		{2D1170CE-47D1-4D2F-9CD5-AB6015E2F3FC}.Release|Any CPU.Build.0 = Release|Any CPU
		{2D1170CE-47D1-4D2F-9CD5-AB6015E2F3FC}.Release|Any CPU.Deploy.0 = Release|Any CPU
		{2D1170CE-47D1-4D2F-9CD5-AB6015E2F3FC}.Release|ARM.ActiveCfg = Release|Any CPU
		{2D1170CE-47D1-4D2F-9CD5-AB6015E2F3FC}.Release|ARM.Build.0 = Release|Any CPU
		{2D1170CE-47D1-4D2F-9CD5-AB6015E2F3FC}.Release|ARM.Deploy.0 = Release|Any CPU
		{2D1170CE-47D1-4D2F-9CD5-AB6015E2F3FC}.Release|ARM64.ActiveCfg = Release|Any CPU
		{2D1170CE-47D1-4D2F-9CD5-AB6015E2F3FC}.Release|ARM64.Build.0 = Release|Any CPU
		{2D1170CE-47D1-4D2F-9CD5-AB6015E2F3FC}.Release|ARM64.Deploy.0 = Release|Any CPU
		{2D1170CE-47D1-4D2F-9CD5-AB6015E2F3FC}.Release|x64.ActiveCfg = Release|Any CPU
		{2D1170CE-47D1-4D2F-9CD5-AB6015E2F3FC}.Release|x64.Build.0 = Release|Any CPU
		{2D1170CE-47D1-4D2F-9CD5-AB6015E2F3FC}.Release|x64.Deploy.0 = Release|Any CPU
		{2D1170CE-47D1-4D2F-9CD5-AB6015E2F3FC}.Release|x86.ActiveCfg = Release|Any CPU
		{2D1170CE-47D1-4D2F-9CD5-AB6015E2F3FC}.Release|x86.Build.0 = Release|Any CPU
		{2D1170CE-47D1-4D2F-9CD5-AB6015E2F3FC}.Release|x86.Deploy.0 = Release|Any CPU
		{38822C87-D6BD-430D-93FA-BFA36E13AA5A}.Debug|Any CPU.ActiveCfg = Debug|x64
		{38822C87-D6BD-430D-93FA-BFA36E13AA5A}.Debug|Any CPU.Build.0 = Debug|x64
		{38822C87-D6BD-430D-93FA-BFA36E13AA5A}.Debug|Any CPU.Deploy.0 = Debug|x64
		{38822C87-D6BD-430D-93FA-BFA36E13AA5A}.Debug|ARM.ActiveCfg = Debug|ARM
		{38822C87-D6BD-430D-93FA-BFA36E13AA5A}.Debug|ARM.Build.0 = Debug|ARM
		{38822C87-D6BD-430D-93FA-BFA36E13AA5A}.Debug|ARM.Deploy.0 = Debug|ARM
		{38822C87-D6BD-430D-93FA-BFA36E13AA5A}.Debug|ARM64.ActiveCfg = Debug|ARM64
		{38822C87-D6BD-430D-93FA-BFA36E13AA5A}.Debug|ARM64.Build.0 = Debug|ARM64
		{38822C87-D6BD-430D-93FA-BFA36E13AA5A}.Debug|ARM64.Deploy.0 = Debug|ARM64
		{38822C87-D6BD-430D-93FA-BFA36E13AA5A}.Debug|x64.ActiveCfg = Debug|x64
		{38822C87-D6BD-430D-93FA-BFA36E13AA5A}.Debug|x64.Build.0 = Debug|x64
		{38822C87-D6BD-430D-93FA-BFA36E13AA5A}.Debug|x64.Deploy.0 = Debug|x64
		{38822C87-D6BD-430D-93FA-BFA36E13AA5A}.Debug|x86.ActiveCfg = Debug|x86
		{38822C87-D6BD-430D-93FA-BFA36E13AA5A}.Debug|x86.Build.0 = Debug|x86
		{38822C87-D6BD-430D-93FA-BFA36E13AA5A}.Debug|x86.Deploy.0 = Debug|x86
		{38822C87-D6BD-430D-93FA-BFA36E13AA5A}.Release|Any CPU.ActiveCfg = Release|x64
		{38822C87-D6BD-430D-93FA-BFA36E13AA5A}.Release|Any CPU.Build.0 = Release|x64
		{38822C87-D6BD-430D-93FA-BFA36E13AA5A}.Release|Any CPU.Deploy.0 = Release|x64
		{38822C87-D6BD-430D-93FA-BFA36E13AA5A}.Release|ARM.ActiveCfg = Release|ARM
		{38822C87-D6BD-430D-93FA-BFA36E13AA5A}.Release|ARM.Build.0 = Release|ARM
		{38822C87-D6BD-430D-93FA-BFA36E13AA5A}.Release|ARM.Deploy.0 = Release|ARM
		{38822C87-D6BD-430D-93FA-BFA36E13AA5A}.Release|ARM64.ActiveCfg = Release|ARM64
		{38822C87-D6BD-430D-93FA-BFA36E13AA5A}.Release|ARM64.Build.0 = Release|ARM64
		{38822C87-D6BD-430D-93FA-BFA36E13AA5A}.Release|ARM64.Deploy.0 = Release|ARM64
		{38822C87-D6BD-430D-93FA-BFA36E13AA5A}.Release|x64.ActiveCfg = Release|x64
		{38822C87-D6BD-430D-93FA-BFA36E13AA5A}.Release|x64.Build.0 = Release|x64
		{38822C87-D6BD-430D-93FA-BFA36E13AA5A}.Release|x64.Deploy.0 = Release|x64
		{38822C87-D6BD-430D-93FA-BFA36E13AA5A}.Release|x86.ActiveCfg = Release|x86
		{38822C87-D6BD-430D-93FA-BFA36E13AA5A}.Release|x86.Build.0 = Release|x86
		{38822C87-D6BD-430D-93FA-BFA36E13AA5A}.Release|x86.Deploy.0 = Release|x86
		{A0B7DDF9-F766-4586-A78F-675F997D8067}.Debug|Any CPU.ActiveCfg = Debug|Any CPU
		{A0B7DDF9-F766-4586-A78F-675F997D8067}.Debug|Any CPU.Build.0 = Debug|Any CPU
		{A0B7DDF9-F766-4586-A78F-675F997D8067}.Debug|ARM.ActiveCfg = Debug|Any CPU
		{A0B7DDF9-F766-4586-A78F-675F997D8067}.Debug|ARM.Build.0 = Debug|Any CPU
		{A0B7DDF9-F766-4586-A78F-675F997D8067}.Debug|ARM64.ActiveCfg = Debug|Any CPU
		{A0B7DDF9-F766-4586-A78F-675F997D8067}.Debug|ARM64.Build.0 = Debug|Any CPU
		{A0B7DDF9-F766-4586-A78F-675F997D8067}.Debug|x64.ActiveCfg = Debug|Any CPU
		{A0B7DDF9-F766-4586-A78F-675F997D8067}.Debug|x64.Build.0 = Debug|Any CPU
		{A0B7DDF9-F766-4586-A78F-675F997D8067}.Debug|x86.ActiveCfg = Debug|Any CPU
		{A0B7DDF9-F766-4586-A78F-675F997D8067}.Debug|x86.Build.0 = Debug|Any CPU
		{A0B7DDF9-F766-4586-A78F-675F997D8067}.Release|Any CPU.ActiveCfg = Release|Any CPU
		{A0B7DDF9-F766-4586-A78F-675F997D8067}.Release|Any CPU.Build.0 = Release|Any CPU
		{A0B7DDF9-F766-4586-A78F-675F997D8067}.Release|ARM.ActiveCfg = Release|Any CPU
		{A0B7DDF9-F766-4586-A78F-675F997D8067}.Release|ARM.Build.0 = Release|Any CPU
		{A0B7DDF9-F766-4586-A78F-675F997D8067}.Release|ARM64.ActiveCfg = Release|Any CPU
		{A0B7DDF9-F766-4586-A78F-675F997D8067}.Release|ARM64.Build.0 = Release|Any CPU
		{A0B7DDF9-F766-4586-A78F-675F997D8067}.Release|x64.ActiveCfg = Release|Any CPU
		{A0B7DDF9-F766-4586-A78F-675F997D8067}.Release|x64.Build.0 = Release|Any CPU
		{A0B7DDF9-F766-4586-A78F-675F997D8067}.Release|x86.ActiveCfg = Release|Any CPU
		{A0B7DDF9-F766-4586-A78F-675F997D8067}.Release|x86.Build.0 = Release|Any CPU
		{EE15CB47-A424-41EE-B23D-2ED7809507ED}.Debug|Any CPU.ActiveCfg = Debug|Any CPU
		{EE15CB47-A424-41EE-B23D-2ED7809507ED}.Debug|Any CPU.Build.0 = Debug|Any CPU
		{EE15CB47-A424-41EE-B23D-2ED7809507ED}.Debug|ARM.ActiveCfg = Debug|Any CPU
		{EE15CB47-A424-41EE-B23D-2ED7809507ED}.Debug|ARM.Build.0 = Debug|Any CPU
		{EE15CB47-A424-41EE-B23D-2ED7809507ED}.Debug|ARM64.ActiveCfg = Debug|Any CPU
		{EE15CB47-A424-41EE-B23D-2ED7809507ED}.Debug|ARM64.Build.0 = Debug|Any CPU
		{EE15CB47-A424-41EE-B23D-2ED7809507ED}.Debug|x64.ActiveCfg = Debug|Any CPU
		{EE15CB47-A424-41EE-B23D-2ED7809507ED}.Debug|x64.Build.0 = Debug|Any CPU
		{EE15CB47-A424-41EE-B23D-2ED7809507ED}.Debug|x86.ActiveCfg = Debug|Any CPU
		{EE15CB47-A424-41EE-B23D-2ED7809507ED}.Debug|x86.Build.0 = Debug|Any CPU
		{EE15CB47-A424-41EE-B23D-2ED7809507ED}.Release|Any CPU.ActiveCfg = Release|Any CPU
		{EE15CB47-A424-41EE-B23D-2ED7809507ED}.Release|Any CPU.Build.0 = Release|Any CPU
		{EE15CB47-A424-41EE-B23D-2ED7809507ED}.Release|ARM.ActiveCfg = Release|Any CPU
		{EE15CB47-A424-41EE-B23D-2ED7809507ED}.Release|ARM.Build.0 = Release|Any CPU
		{EE15CB47-A424-41EE-B23D-2ED7809507ED}.Release|ARM64.ActiveCfg = Release|Any CPU
		{EE15CB47-A424-41EE-B23D-2ED7809507ED}.Release|ARM64.Build.0 = Release|Any CPU
		{EE15CB47-A424-41EE-B23D-2ED7809507ED}.Release|x64.ActiveCfg = Release|Any CPU
		{EE15CB47-A424-41EE-B23D-2ED7809507ED}.Release|x64.Build.0 = Release|Any CPU
		{EE15CB47-A424-41EE-B23D-2ED7809507ED}.Release|x86.ActiveCfg = Release|Any CPU
		{EE15CB47-A424-41EE-B23D-2ED7809507ED}.Release|x86.Build.0 = Release|Any CPU
		{407B7F4E-01E0-4552-B951-3566BDBFE16B}.Debug|Any CPU.ActiveCfg = Debug|Any CPU
		{407B7F4E-01E0-4552-B951-3566BDBFE16B}.Debug|Any CPU.Build.0 = Debug|Any CPU
		{407B7F4E-01E0-4552-B951-3566BDBFE16B}.Debug|ARM.ActiveCfg = Debug|Any CPU
		{407B7F4E-01E0-4552-B951-3566BDBFE16B}.Debug|ARM.Build.0 = Debug|Any CPU
		{407B7F4E-01E0-4552-B951-3566BDBFE16B}.Debug|ARM64.ActiveCfg = Debug|Any CPU
		{407B7F4E-01E0-4552-B951-3566BDBFE16B}.Debug|ARM64.Build.0 = Debug|Any CPU
		{407B7F4E-01E0-4552-B951-3566BDBFE16B}.Debug|x64.ActiveCfg = Debug|Any CPU
		{407B7F4E-01E0-4552-B951-3566BDBFE16B}.Debug|x64.Build.0 = Debug|Any CPU
		{407B7F4E-01E0-4552-B951-3566BDBFE16B}.Debug|x86.ActiveCfg = Debug|Any CPU
		{407B7F4E-01E0-4552-B951-3566BDBFE16B}.Debug|x86.Build.0 = Debug|Any CPU
		{407B7F4E-01E0-4552-B951-3566BDBFE16B}.Release|Any CPU.ActiveCfg = Release|Any CPU
		{407B7F4E-01E0-4552-B951-3566BDBFE16B}.Release|Any CPU.Build.0 = Release|Any CPU
		{407B7F4E-01E0-4552-B951-3566BDBFE16B}.Release|ARM.ActiveCfg = Release|Any CPU
		{407B7F4E-01E0-4552-B951-3566BDBFE16B}.Release|ARM.Build.0 = Release|Any CPU
		{407B7F4E-01E0-4552-B951-3566BDBFE16B}.Release|ARM64.ActiveCfg = Release|Any CPU
		{407B7F4E-01E0-4552-B951-3566BDBFE16B}.Release|ARM64.Build.0 = Release|Any CPU
		{407B7F4E-01E0-4552-B951-3566BDBFE16B}.Release|x64.ActiveCfg = Release|Any CPU
		{407B7F4E-01E0-4552-B951-3566BDBFE16B}.Release|x64.Build.0 = Release|Any CPU
		{407B7F4E-01E0-4552-B951-3566BDBFE16B}.Release|x86.ActiveCfg = Release|Any CPU
		{407B7F4E-01E0-4552-B951-3566BDBFE16B}.Release|x86.Build.0 = Release|Any CPU
		{9BBB773B-D559-4622-B439-8B15A4EFF25F}.Debug|Any CPU.ActiveCfg = Debug|Any CPU
		{9BBB773B-D559-4622-B439-8B15A4EFF25F}.Debug|Any CPU.Build.0 = Debug|Any CPU
		{9BBB773B-D559-4622-B439-8B15A4EFF25F}.Debug|ARM.ActiveCfg = Debug|Any CPU
		{9BBB773B-D559-4622-B439-8B15A4EFF25F}.Debug|ARM.Build.0 = Debug|Any CPU
		{9BBB773B-D559-4622-B439-8B15A4EFF25F}.Debug|ARM64.ActiveCfg = Debug|Any CPU
		{9BBB773B-D559-4622-B439-8B15A4EFF25F}.Debug|ARM64.Build.0 = Debug|Any CPU
		{9BBB773B-D559-4622-B439-8B15A4EFF25F}.Debug|x64.ActiveCfg = Debug|Any CPU
		{9BBB773B-D559-4622-B439-8B15A4EFF25F}.Debug|x64.Build.0 = Debug|Any CPU
		{9BBB773B-D559-4622-B439-8B15A4EFF25F}.Debug|x86.ActiveCfg = Debug|Any CPU
		{9BBB773B-D559-4622-B439-8B15A4EFF25F}.Debug|x86.Build.0 = Debug|Any CPU
		{9BBB773B-D559-4622-B439-8B15A4EFF25F}.Release|Any CPU.ActiveCfg = Release|Any CPU
		{9BBB773B-D559-4622-B439-8B15A4EFF25F}.Release|Any CPU.Build.0 = Release|Any CPU
		{9BBB773B-D559-4622-B439-8B15A4EFF25F}.Release|ARM.ActiveCfg = Release|Any CPU
		{9BBB773B-D559-4622-B439-8B15A4EFF25F}.Release|ARM.Build.0 = Release|Any CPU
		{9BBB773B-D559-4622-B439-8B15A4EFF25F}.Release|ARM64.ActiveCfg = Release|Any CPU
		{9BBB773B-D559-4622-B439-8B15A4EFF25F}.Release|ARM64.Build.0 = Release|Any CPU
		{9BBB773B-D559-4622-B439-8B15A4EFF25F}.Release|x64.ActiveCfg = Release|Any CPU
		{9BBB773B-D559-4622-B439-8B15A4EFF25F}.Release|x64.Build.0 = Release|Any CPU
		{9BBB773B-D559-4622-B439-8B15A4EFF25F}.Release|x86.ActiveCfg = Release|Any CPU
		{9BBB773B-D559-4622-B439-8B15A4EFF25F}.Release|x86.Build.0 = Release|Any CPU
	EndGlobalSection
	GlobalSection(SolutionProperties) = preSolution
		HideSolutionNode = FALSE
	EndGlobalSection
	GlobalSection(NestedProjects) = preSolution
		{2D1170CE-47D1-4D2F-9CD5-AB6015E2F3FC} = {DF6CF4B1-9AB8-4BA4-A5CD-D901357FCF08}
		{38822C87-D6BD-430D-93FA-BFA36E13AA5A} = {DF6CF4B1-9AB8-4BA4-A5CD-D901357FCF08}
		{A0B7DDF9-F766-4586-A78F-675F997D8067} = {DF6CF4B1-9AB8-4BA4-A5CD-D901357FCF08}
		{EE15CB47-A424-41EE-B23D-2ED7809507ED} = {DF6CF4B1-9AB8-4BA4-A5CD-D901357FCF08}
		{407B7F4E-01E0-4552-B951-3566BDBFE16B} = {DF6CF4B1-9AB8-4BA4-A5CD-D901357FCF08}
		{9BBB773B-D559-4622-B439-8B15A4EFF25F} = {DF6CF4B1-9AB8-4BA4-A5CD-D901357FCF08}
	EndGlobalSection
	GlobalSection(ExtensibilityGlobals) = postSolution
		SolutionGuid = {3FB7742E-93BE-4F31-A2AC-F225EAF7AC38}
	EndGlobalSection
	GlobalSection(SharedMSBuildProjectFiles) = preSolution
		TwoPaneViewDemo.Shared\TwoPaneViewDemo.Shared.projitems*{2d1170ce-47d1-4d2f-9cd5-ab6015e2f3fc}*SharedItemsImports = 5
		TwoPaneViewDemo.Shared\TwoPaneViewDemo.Shared.projitems*{38822c87-d6bd-430d-93fa-bfa36e13aa5a}*SharedItemsImports = 4
		TwoPaneViewDemo.Shared\TwoPaneViewDemo.Shared.projitems*{407b7f4e-01e0-4552-b951-3566bdbfe16b}*SharedItemsImports = 5
		TwoPaneViewDemo.Shared\TwoPaneViewDemo.Shared.projitems*{6279c845-92f8-4333-ab99-3d213163593c}*SharedItemsImports = 13
		TwoPaneViewDemo.Shared\TwoPaneViewDemo.Shared.projitems*{9bbb773b-d559-4622-b439-8b15a4eff25f}*SharedItemsImports = 5
		TwoPaneViewDemo.Shared\TwoPaneViewDemo.Shared.projitems*{a0b7ddf9-f766-4586-a78f-675f997d8067}*SharedItemsImports = 5
	EndGlobalSection
EndGlobal
